
Microsoft Visual Studio Solution File, Format Version 12.00
# Visual Studio Version 17
VisualStudioVersion = 17.3.32922.545
MinimumVisualStudioVersion = 10.0.40219.1
Project("{FAE04EC0-301F-11D3-BF4B-00C04F79EFBC}") = "Proyecto", "Proyecto\Proyecto.csproj", "{9E145669-39DA-4181-A606-31F04763D916}"
EndProject
Global
	GlobalSection(SolutionConfigurationPlatforms) = preSolution
		Debug|Any CPU = Debug|Any CPU
		Release|Any CPU = Release|Any CPU
	EndGlobalSection
	GlobalSection(ProjectConfigurationPlatforms) = postSolution
		{9E145669-39DA-4181-A606-31F04763D916}.Debug|Any CPU.ActiveCfg = Debug|Any CPU
		{9E145669-39DA-4181-A606-31F04763D916}.Debug|Any CPU.Build.0 = Debug|Any CPU
		{9E145669-39DA-4181-A606-31F04763D916}.Release|Any CPU.ActiveCfg = Release|Any CPU
		{9E145669-39DA-4181-A606-31F04763D916}.Release|Any CPU.Build.0 = Release|Any CPU
	EndGlobalSection
	GlobalSection(SolutionProperties) = preSolution
		HideSolutionNode = FALSE
	EndGlobalSection
	GlobalSection(ExtensibilityGlobals) = postSolution
		SolutionGuid = {0AB803AC-DDC8-4B9A-A5FF-69B2444C5AB8}
	EndGlobalSection
EndGlobal
